
Microsoft Visual Studio Solution File, Format Version 12.00
# Visual Studio 2013
VisualStudioVersion = 12.0.40629.0
MinimumVisualStudioVersion = 10.0.40219.1
Project("{FAE04EC0-301F-11D3-BF4B-00C04F79EFBC}") = "IdentityWithoutEntityFramwork", "IdentityWithoutEntityFramwork\IdentityWithoutEntityFramwork.csproj", "{C3743EB2-ABDE-4212-A48A-242E7310E933}"
EndProject
Project("{FAE04EC0-301F-11D3-BF4B-00C04F79EFBC}") = "IdentityWithoutEntityFramwork.Service", "IdentityWithoutEntityFramwork.Service\IdentityWithoutEntityFramwork.Service.csproj", "{9E27CFB9-9D8A-4157-AD78-5A23AC1D8893}"
EndProject
Global
	GlobalSection(SolutionConfigurationPlatforms) = preSolution
		Debug|Any CPU = Debug|Any CPU
		Release|Any CPU = Release|Any CPU
	EndGlobalSection
	GlobalSection(ProjectConfigurationPlatforms) = postSolution
		{C3743EB2-ABDE-4212-A48A-242E7310E933}.Debug|Any CPU.ActiveCfg = Debug|Any CPU
		{C3743EB2-ABDE-4212-A48A-242E7310E933}.Debug|Any CPU.Build.0 = Debug|Any CPU
		{C3743EB2-ABDE-4212-A48A-242E7310E933}.Release|Any CPU.ActiveCfg = Release|Any CPU
		{C3743EB2-ABDE-4212-A48A-242E7310E933}.Release|Any CPU.Build.0 = Release|Any CPU
		{9E27CFB9-9D8A-4157-AD78-5A23AC1D8893}.Debug|Any CPU.ActiveCfg = Debug|Any CPU
		{9E27CFB9-9D8A-4157-AD78-5A23AC1D8893}.Debug|Any CPU.Build.0 = Debug|Any CPU
		{9E27CFB9-9D8A-4157-AD78-5A23AC1D8893}.Release|Any CPU.ActiveCfg = Release|Any CPU
		{9E27CFB9-9D8A-4157-AD78-5A23AC1D8893}.Release|Any CPU.Build.0 = Release|Any CPU
	EndGlobalSection
	GlobalSection(SolutionProperties) = preSolution
		HideSolutionNode = FALSE
	EndGlobalSection
EndGlobal
